
Microsoft Visual Studio Solution File, Format Version 12.00
# Visual Studio Version 16
VisualStudioVersion = 16.0.28922.388
MinimumVisualStudioVersion = 10.0.40219.1
Project("{FAE04EC0-301F-11D3-BF4B-00C04F79EFBC}") = "FlattenedObject", "FlattenedObject\FlattenedObject.csproj", "{A7098420-0A69-4473-9F03-B78F6BAC6C41}"
EndProject
Global
	GlobalSection(SolutionConfigurationPlatforms) = preSolution
		Debug|Any CPU = Debug|Any CPU
		Release|Any CPU = Release|Any CPU
	EndGlobalSection
	GlobalSection(ProjectConfigurationPlatforms) = postSolution
		{A7098420-0A69-4473-9F03-B78F6BAC6C41}.Debug|Any CPU.ActiveCfg = Debug|Any CPU
		{A7098420-0A69-4473-9F03-B78F6BAC6C41}.Debug|Any CPU.Build.0 = Debug|Any CPU
		{A7098420-0A69-4473-9F03-B78F6BAC6C41}.Release|Any CPU.ActiveCfg = Release|Any CPU
		{A7098420-0A69-4473-9F03-B78F6BAC6C41}.Release|Any CPU.Build.0 = Release|Any CPU
	EndGlobalSection
	GlobalSection(SolutionProperties) = preSolution
		HideSolutionNode = FALSE
	EndGlobalSection
	GlobalSection(ExtensibilityGlobals) = postSolution
		SolutionGuid = {2A295960-DAAC-41A6-93A0-611EAABE1114}
	EndGlobalSection
EndGlobal
